
Microsoft Visual Studio Solution File, Format Version 12.00
# Visual Studio Version 17
VisualStudioVersion = 17.11.35327.3
MinimumVisualStudioVersion = 10.0.40219.1
Project("{FAE04EC0-301F-11D3-BF4B-00C04F79EFBC}") = "Lesson01", "Lesson01\Lesson01.csproj", "{A0249816-E797-4DEA-B51A-99D6C3C49F7B}"
EndProject
Global
	GlobalSection(SolutionConfigurationPlatforms) = preSolution
		Debug|Any CPU = Debug|Any CPU
		Release|Any CPU = Release|Any CPU
	EndGlobalSection
	GlobalSection(ProjectConfigurationPlatforms) = postSolution
		{A0249816-E797-4DEA-B51A-99D6C3C49F7B}.Debug|Any CPU.ActiveCfg = Debug|Any CPU
		{A0249816-E797-4DEA-B51A-99D6C3C49F7B}.Debug|Any CPU.Build.0 = Debug|Any CPU
		{A0249816-E797-4DEA-B51A-99D6C3C49F7B}.Release|Any CPU.ActiveCfg = Release|Any CPU
		{A0249816-E797-4DEA-B51A-99D6C3C49F7B}.Release|Any CPU.Build.0 = Release|Any CPU
	EndGlobalSection
	GlobalSection(SolutionProperties) = preSolution
		HideSolutionNode = FALSE
	EndGlobalSection
	GlobalSection(ExtensibilityGlobals) = postSolution
		SolutionGuid = {B6A9FE33-65F7-423F-B65B-2A77E1BF0DBB}
	EndGlobalSection
EndGlobal
